// !$*UTF8*$!
{
	archiveVersion = 1;
	classes = {
	};
	objectVersion = 77;
	objects = {

/* Begin PBXBuildFile section */
		0D3257E32CE392CC00FA942B /* stresswatch Watch App.app in Embed Watch Content */ = {isa = PBXBuildFile; fileRef = 0D3257E22CE392CC00FA942B /* stresswatch Watch App.app */; settings = {ATTRIBUTES = (RemoveHeadersOnCopy, ); }; };
/* End PBXBuildFile section */

/* Begin PBXContainerItemProxy section */
		0D3257BF2CE3928E00FA942B /* PBXContainerItemProxy */ = {
			isa = PBXContainerItemProxy;
			containerPortal = 0D3257A42CE3928B00FA942B /* Project object */;
			proxyType = 1;
			remoteGlobalIDString = 0D3257AB2CE3928B00FA942B;
			remoteInfo = stress;
		};
		0D3257C92CE3928E00FA942B /* PBXContainerItemProxy */ = {
			isa = PBXContainerItemProxy;
			containerPortal = 0D3257A42CE3928B00FA942B /* Project object */;
			proxyType = 1;
			remoteGlobalIDString = 0D3257AB2CE3928B00FA942B;
			remoteInfo = stress;
		};
		0D3257E42CE392CC00FA942B /* PBXContainerItemProxy */ = {
			isa = PBXContainerItemProxy;
			containerPortal = 0D3257A42CE3928B00FA942B /* Project object */;
			proxyType = 1;
			remoteGlobalIDString = 0D3257E12CE392CC00FA942B;
			remoteInfo = "stresswatch Watch App";
		};
		0D3257F52CE392D300FA942B /* PBXContainerItemProxy */ = {
			isa = PBXContainerItemProxy;
			containerPortal = 0D3257A42CE3928B00FA942B /* Project object */;
			proxyType = 1;
			remoteGlobalIDString = 0D3257E12CE392CC00FA942B;
			remoteInfo = "stresswatch Watch App";
		};
		0D3257FF2CE392D300FA942B /* PBXContainerItemProxy */ = {
			isa = PBXContainerItemProxy;
			containerPortal = 0D3257A42CE3928B00FA942B /* Project object */;
			proxyType = 1;
			remoteGlobalIDString = 0D3257E12CE392CC00FA942B;
			remoteInfo = "stresswatch Watch App";
		};
/* End PBXContainerItemProxy section */

/* Begin PBXCopyFilesBuildPhase section */
		0D3258092CE392D300FA942B /* Embed Watch Content */ = {
			isa = PBXCopyFilesBuildPhase;
			buildActionMask = 2147483647;
			dstPath = "$(CONTENTS_FOLDER_PATH)/Watch";
			dstSubfolderSpec = 16;
			files = (
				0D3257E32CE392CC00FA942B /* stresswatch Watch App.app in Embed Watch Content */,
			);
			name = "Embed Watch Content";
			runOnlyForDeploymentPostprocessing = 0;
		};
/* End PBXCopyFilesBuildPhase section */

/* Begin PBXFileReference section */
		0D3257AC2CE3928B00FA942B /* stress.app */ = {isa = PBXFileReference; explicitFileType = wrapper.application; includeInIndex = 0; path = stress.app; sourceTree = BUILT_PRODUCTS_DIR; };
		0D3257BE2CE3928E00FA942B /* stressTests.xctest */ = {isa = PBXFileReference; explicitFileType = wrapper.cfbundle; includeInIndex = 0; path = stressTests.xctest; sourceTree = BUILT_PRODUCTS_DIR; };
		0D3257C82CE3928E00FA942B /* stressUITests.xctest */ = {isa = PBXFileReference; explicitFileType = wrapper.cfbundle; includeInIndex = 0; path = stressUITests.xctest; sourceTree = BUILT_PRODUCTS_DIR; };
		0D3257DD2CE392CC00FA942B /* stresswatch.app */ = {isa = PBXFileReference; explicitFileType = wrapper.application; includeInIndex = 0; path = stresswatch.app; sourceTree = BUILT_PRODUCTS_DIR; };
		0D3257E22CE392CC00FA942B /* stresswatch Watch App.app */ = {isa = PBXFileReference; explicitFileType = wrapper.application; includeInIndex = 0; path = "stresswatch Watch App.app"; sourceTree = BUILT_PRODUCTS_DIR; };
		0D3257F42CE392D300FA942B /* stresswatch Watch AppTests.xctest */ = {isa = PBXFileReference; explicitFileType = wrapper.cfbundle; includeInIndex = 0; path = "stresswatch Watch AppTests.xctest"; sourceTree = BUILT_PRODUCTS_DIR; };
		0D3257FE2CE392D300FA942B /* stresswatch Watch AppUITests.xctest */ = {isa = PBXFileReference; explicitFileType = wrapper.cfbundle; includeInIndex = 0; path = "stresswatch Watch AppUITests.xctest"; sourceTree = BUILT_PRODUCTS_DIR; };
/* End PBXFileReference section */

/* Begin PBXFileSystemSynchronizedRootGroup section */
		0D3257AE2CE3928B00FA942B /* stress */ = {
			isa = PBXFileSystemSynchronizedRootGroup;
			path = stress;
			sourceTree = "<group>";
		};
		0D3257C12CE3928E00FA942B /* stressTests */ = {
			isa = PBXFileSystemSynchronizedRootGroup;
			path = stressTests;
			sourceTree = "<group>";
		};
		0D3257CB2CE3928E00FA942B /* stressUITests */ = {
			isa = PBXFileSystemSynchronizedRootGroup;
			path = stressUITests;
			sourceTree = "<group>";
		};
		0D3257E62CE392CC00FA942B /* stresswatch Watch App */ = {
			isa = PBXFileSystemSynchronizedRootGroup;
			path = "stresswatch Watch App";
			sourceTree = "<group>";
		};
		0D3257F72CE392D300FA942B /* stresswatch Watch AppTests */ = {
			isa = PBXFileSystemSynchronizedRootGroup;
			path = "stresswatch Watch AppTests";
			sourceTree = "<group>";
		};
		0D3258012CE392D300FA942B /* stresswatch Watch AppUITests */ = {
			isa = PBXFileSystemSynchronizedRootGroup;
			path = "stresswatch Watch AppUITests";
			sourceTree = "<group>";
		};
/* End PBXFileSystemSynchronizedRootGroup section */

/* Begin PBXFrameworksBuildPhase section */
		0D3257A92CE3928B00FA942B /* Frameworks */ = {
			isa = PBXFrameworksBuildPhase;
			buildActionMask = 2147483647;
			files = (
			);
			runOnlyForDeploymentPostprocessing = 0;
		};
		0D3257BB2CE3928E00FA942B /* Frameworks */ = {
			isa = PBXFrameworksBuildPhase;
			buildActionMask = 2147483647;
			files = (
			);
			runOnlyForDeploymentPostprocessing = 0;
		};
		0D3257C52CE3928E00FA942B /* Frameworks */ = {
			isa = PBXFrameworksBuildPhase;
			buildActionMask = 2147483647;
			files = (
			);
			runOnlyForDeploymentPostprocessing = 0;
		};
		0D3257DF2CE392CC00FA942B /* Frameworks */ = {
			isa = PBXFrameworksBuildPhase;
			buildActionMask = 2147483647;
			files = (
			);
			runOnlyForDeploymentPostprocessing = 0;
		};
		0D3257F12CE392D300FA942B /* Frameworks */ = {
			isa = PBXFrameworksBuildPhase;
			buildActionMask = 2147483647;
			files = (
			);
			runOnlyForDeploymentPostprocessing = 0;
		};
		0D3257FB2CE392D300FA942B /* Frameworks */ = {
			isa = PBXFrameworksBuildPhase;
			buildActionMask = 2147483647;
			files = (
			);
			runOnlyForDeploymentPostprocessing = 0;
		};
/* End PBXFrameworksBuildPhase section */

/* Begin PBXGroup section */
		0D3257A32CE3928B00FA942B = {
			isa = PBXGroup;
			children = (
				0D3257AE2CE3928B00FA942B /* stress */,
				0D3257C12CE3928E00FA942B /* stressTests */,
				0D3257CB2CE3928E00FA942B /* stressUITests */,
				0D3257E62CE392CC00FA942B /* stresswatch Watch App */,
				0D3257F72CE392D300FA942B /* stresswatch Watch AppTests */,
				0D3258012CE392D300FA942B /* stresswatch Watch AppUITests */,
				0D3257AD2CE3928B00FA942B /* Products */,
			);
			sourceTree = "<group>";
		};
		0D3257AD2CE3928B00FA942B /* Products */ = {
			isa = PBXGroup;
			children = (
				0D3257AC2CE3928B00FA942B /* stress.app */,
				0D3257BE2CE3928E00FA942B /* stressTests.xctest */,
				0D3257C82CE3928E00FA942B /* stressUITests.xctest */,
				0D3257DD2CE392CC00FA942B /* stresswatch.app */,
				0D3257E22CE392CC00FA942B /* stresswatch Watch App.app */,
				0D3257F42CE392D300FA942B /* stresswatch Watch AppTests.xctest */,
				0D3257FE2CE392D300FA942B /* stresswatch Watch AppUITests.xctest */,
			);
			name = Products;
			sourceTree = "<group>";
		};
/* End PBXGroup section */

/* Begin PBXNativeTarget section */
		0D3257AB2CE3928B00FA942B /* stress */ = {
			isa = PBXNativeTarget;
			buildConfigurationList = 0D3257D22CE3928E00FA942B /* Build configuration list for PBXNativeTarget "stress" */;
			buildPhases = (
				0D3257A82CE3928B00FA942B /* Sources */,
				0D3257A92CE3928B00FA942B /* Frameworks */,
				0D3257AA2CE3928B00FA942B /* Resources */,
			);
			buildRules = (
			);
			dependencies = (
			);
			fileSystemSynchronizedGroups = (
				0D3257AE2CE3928B00FA942B /* stress */,
			);
			name = stress;
			packageProductDependencies = (
			);
			productName = stress;
			productReference = 0D3257AC2CE3928B00FA942B /* stress.app */;
			productType = "com.apple.product-type.application";
		};
		0D3257BD2CE3928E00FA942B /* stressTests */ = {
			isa = PBXNativeTarget;
			buildConfigurationList = 0D3257D52CE3928E00FA942B /* Build configuration list for PBXNativeTarget "stressTests" */;
			buildPhases = (
				0D3257BA2CE3928E00FA942B /* Sources */,
				0D3257BB2CE3928E00FA942B /* Frameworks */,
				0D3257BC2CE3928E00FA942B /* Resources */,
			);
			buildRules = (
			);
			dependencies = (
				0D3257C02CE3928E00FA942B /* PBXTargetDependency */,
			);
			fileSystemSynchronizedGroups = (
				0D3257C12CE3928E00FA942B /* stressTests */,
			);
			name = stressTests;
			packageProductDependencies = (
			);
			productName = stressTests;
			productReference = 0D3257BE2CE3928E00FA942B /* stressTests.xctest */;
			productType = "com.apple.product-type.bundle.unit-test";
		};
		0D3257C72CE3928E00FA942B /* stressUITests */ = {
			isa = PBXNativeTarget;
			buildConfigurationList = 0D3257D82CE3928E00FA942B /* Build configuration list for PBXNativeTarget "stressUITests" */;
			buildPhases = (
				0D3257C42CE3928E00FA942B /* Sources */,
				0D3257C52CE3928E00FA942B /* Frameworks */,
				0D3257C62CE3928E00FA942B /* Resources */,
			);
			buildRules = (
			);
			dependencies = (
				0D3257CA2CE3928E00FA942B /* PBXTargetDependency */,
			);
			fileSystemSynchronizedGroups = (
				0D3257CB2CE3928E00FA942B /* stressUITests */,
			);
			name = stressUITests;
			packageProductDependencies = (
			);
			productName = stressUITests;
			productReference = 0D3257C82CE3928E00FA942B /* stressUITests.xctest */;
			productType = "com.apple.product-type.bundle.ui-testing";
		};
		0D3257DC2CE392CC00FA942B /* stresswatch */ = {
			isa = PBXNativeTarget;
			buildConfigurationList = 0D32580A2CE392D300FA942B /* Build configuration list for PBXNativeTarget "stresswatch" */;
			buildPhases = (
				0D3257DB2CE392CC00FA942B /* Resources */,
				0D3258092CE392D300FA942B /* Embed Watch Content */,
			);
			buildRules = (
			);
			dependencies = (
				0D3257E52CE392CC00FA942B /* PBXTargetDependency */,
			);
			name = stresswatch;
			packageProductDependencies = (
			);
			productName = stresswatch;
			productReference = 0D3257DD2CE392CC00FA942B /* stresswatch.app */;
			productType = "com.apple.product-type.application.watchapp2-container";
		};
		0D3257E12CE392CC00FA942B /* stresswatch Watch App */ = {
			isa = PBXNativeTarget;
			buildConfigurationList = 0D3258062CE392D300FA942B /* Build configuration list for PBXNativeTarget "stresswatch Watch App" */;
			buildPhases = (
				0D3257DE2CE392CC00FA942B /* Sources */,
				0D3257DF2CE392CC00FA942B /* Frameworks */,
				0D3257E02CE392CC00FA942B /* Resources */,
			);
			buildRules = (
			);
			dependencies = (
			);
			fileSystemSynchronizedGroups = (
				0D3257E62CE392CC00FA942B /* stresswatch Watch App */,
			);
			name = "stresswatch Watch App";
			packageProductDependencies = (
			);
			productName = "stresswatch Watch App";
			productReference = 0D3257E22CE392CC00FA942B /* stresswatch Watch App.app */;
			productType = "com.apple.product-type.application";
		};
		0D3257F32CE392D300FA942B /* stresswatch Watch AppTests */ = {
			isa = PBXNativeTarget;
			buildConfigurationList = 0D32580D2CE392D300FA942B /* Build configuration list for PBXNativeTarget "stresswatch Watch AppTests" */;
			buildPhases = (
				0D3257F02CE392D300FA942B /* Sources */,
				0D3257F12CE392D300FA942B /* Frameworks */,
				0D3257F22CE392D300FA942B /* Resources */,
			);
			buildRules = (
			);
			dependencies = (
				0D3257F62CE392D300FA942B /* PBXTargetDependency */,
			);
			fileSystemSynchronizedGroups = (
				0D3257F72CE392D300FA942B /* stresswatch Watch AppTests */,
			);
			name = "stresswatch Watch AppTests";
			packageProductDependencies = (
			);
			productName = "stresswatch Watch AppTests";
			productReference = 0D3257F42CE392D300FA942B /* stresswatch Watch AppTests.xctest */;
			productType = "com.apple.product-type.bundle.unit-test";
		};
		0D3257FD2CE392D300FA942B /* stresswatch Watch AppUITests */ = {
			isa = PBXNativeTarget;
			buildConfigurationList = 0D3258102CE392D300FA942B /* Build configuration list for PBXNativeTarget "stresswatch Watch AppUITests" */;
			buildPhases = (
				0D3257FA2CE392D300FA942B /* Sources */,
				0D3257FB2CE392D300FA942B /* Frameworks */,
				0D3257FC2CE392D300FA942B /* Resources */,
			);
			buildRules = (
			);
			dependencies = (
				0D3258002CE392D300FA942B /* PBXTargetDependency */,
			);
			fileSystemSynchronizedGroups = (
				0D3258012CE392D300FA942B /* stresswatch Watch AppUITests */,
			);
			name = "stresswatch Watch AppUITests";
			packageProductDependencies = (
			);
			productName = "stresswatch Watch AppUITests";
			productReference = 0D3257FE2CE392D300FA942B /* stresswatch Watch AppUITests.xctest */;
			productType = "com.apple.product-type.bundle.ui-testing";
		};
/* End PBXNativeTarget section */

/* Begin PBXProject section */
		0D3257A42CE3928B00FA942B /* Project object */ = {
			isa = PBXProject;
			attributes = {
				BuildIndependentTargetsInParallel = 1;
				LastSwiftUpdateCheck = 1610;
				LastUpgradeCheck = 1610;
				TargetAttributes = {
					0D3257AB2CE3928B00FA942B = {
						CreatedOnToolsVersion = 16.1;
					};
					0D3257BD2CE3928E00FA942B = {
						CreatedOnToolsVersion = 16.1;
						TestTargetID = 0D3257AB2CE3928B00FA942B;
					};
					0D3257C72CE3928E00FA942B = {
						CreatedOnToolsVersion = 16.1;
						TestTargetID = 0D3257AB2CE3928B00FA942B;
					};
					0D3257DC2CE392CC00FA942B = {
						CreatedOnToolsVersion = 16.1;
					};
					0D3257E12CE392CC00FA942B = {
						CreatedOnToolsVersion = 16.1;
					};
					0D3257F32CE392D300FA942B = {
						CreatedOnToolsVersion = 16.1;
						TestTargetID = 0D3257E12CE392CC00FA942B;
					};
					0D3257FD2CE392D300FA942B = {
						CreatedOnToolsVersion = 16.1;
						TestTargetID = 0D3257E12CE392CC00FA942B;
					};
				};
			};
			buildConfigurationList = 0D3257A72CE3928B00FA942B /* Build configuration list for PBXProject "stress" */;
			developmentRegion = en;
			hasScannedForEncodings = 0;
			knownRegions = (
				en,
				Base,
			);
			mainGroup = 0D3257A32CE3928B00FA942B;
			minimizedProjectReferenceProxies = 1;
			preferredProjectObjectVersion = 77;
			productRefGroup = 0D3257AD2CE3928B00FA942B /* Products */;
			projectDirPath = "";
			projectRoot = "";
			targets = (
				0D3257AB2CE3928B00FA942B /* stress */,
				0D3257BD2CE3928E00FA942B /* stressTests */,
				0D3257C72CE3928E00FA942B /* stressUITests */,
				0D3257DC2CE392CC00FA942B /* stresswatch */,
				0D3257E12CE392CC00FA942B /* stresswatch Watch App */,
				0D3257F32CE392D300FA942B /* stresswatch Watch AppTests */,
				0D3257FD2CE392D300FA942B /* stresswatch Watch AppUITests */,
			);
		};
/* End PBXProject section */

/* Begin PBXResourcesBuildPhase section */
		0D3257AA2CE3928B00FA942B /* Resources */ = {
			isa = PBXResourcesBuildPhase;
			buildActionMask = 2147483647;
			files = (
			);
			runOnlyForDeploymentPostprocessing = 0;
		};
		0D3257BC2CE3928E00FA942B /* Resources */ = {
			isa = PBXResourcesBuildPhase;
			buildActionMask = 2147483647;
			files = (
			);
			runOnlyForDeploymentPostprocessing = 0;
		};
		0D3257C62CE3928E00FA942B /* Resources */ = {
			isa = PBXResourcesBuildPhase;
			buildActionMask = 2147483647;
			files = (
			);
			runOnlyForDeploymentPostprocessing = 0;
		};
		0D3257DB2CE392CC00FA942B /* Resources */ = {
			isa = PBXResourcesBuildPhase;
			buildActionMask = 2147483647;
			files = (
			);
			runOnlyForDeploymentPostprocessing = 0;
		};
		0D3257E02CE392CC00FA942B /* Resources */ = {
			isa = PBXResourcesBuildPhase;
			buildActionMask = 2147483647;
			files = (
			);
			runOnlyForDeploymentPostprocessing = 0;
		};
		0D3257F22CE392D300FA942B /* Resources */ = {
			isa = PBXResourcesBuildPhase;
			buildActionMask = 2147483647;
			files = (
			);
			runOnlyForDeploymentPostprocessing = 0;
		};
		0D3257FC2CE392D300FA942B /* Resources */ = {
			isa = PBXResourcesBuildPhase;
			buildActionMask = 2147483647;
			files = (
			);
			runOnlyForDeploymentPostprocessing = 0;
		};
/* End PBXResourcesBuildPhase section */

/* Begin PBXSourcesBuildPhase section */
		0D3257A82CE3928B00FA942B /* Sources */ = {
			isa = PBXSourcesBuildPhase;
			buildActionMask = 2147483647;
			files = (
			);
			runOnlyForDeploymentPostprocessing = 0;
		};
		0D3257BA2CE3928E00FA942B /* Sources */ = {
			isa = PBXSourcesBuildPhase;
			buildActionMask = 2147483647;
			files = (
			);
			runOnlyForDeploymentPostprocessing = 0;
		};
		0D3257C42CE3928E00FA942B /* Sources */ = {
			isa = PBXSourcesBuildPhase;
			buildActionMask = 2147483647;
			files = (
			);
			runOnlyForDeploymentPostprocessing = 0;
		};
		0D3257DE2CE392CC00FA942B /* Sources */ = {
			isa = PBXSourcesBuildPhase;
			buildActionMask = 2147483647;
			files = (
			);
			runOnlyForDeploymentPostprocessing = 0;
		};
		0D3257F02CE392D300FA942B /* Sources */ = {
			isa = PBXSourcesBuildPhase;
			buildActionMask = 2147483647;
			files = (
			);
			runOnlyForDeploymentPostprocessing = 0;
		};
		0D3257FA2CE392D300FA942B /* Sources */ = {
			isa = PBXSourcesBuildPhase;
			buildActionMask = 2147483647;
			files = (
			);
			runOnlyForDeploymentPostprocessing = 0;
		};
/* End PBXSourcesBuildPhase section */

/* Begin PBXTargetDependency section */
		0D3257C02CE3928E00FA942B /* PBXTargetDependency */ = {
			isa = PBXTargetDependency;
			target = 0D3257AB2CE3928B00FA942B /* stress */;
			targetProxy = 0D3257BF2CE3928E00FA942B /* PBXContainerItemProxy */;
		};
		0D3257CA2CE3928E00FA942B /* PBXTargetDependency */ = {
			isa = PBXTargetDependency;
			target = 0D3257AB2CE3928B00FA942B /* stress */;
			targetProxy = 0D3257C92CE3928E00FA942B /* PBXContainerItemProxy */;
		};
		0D3257E52CE392CC00FA942B /* PBXTargetDependency */ = {
			isa = PBXTargetDependency;
			target = 0D3257E12CE392CC00FA942B /* stresswatch Watch App */;
			targetProxy = 0D3257E42CE392CC00FA942B /* PBXContainerItemProxy */;
		};
		0D3257F62CE392D300FA942B /* PBXTargetDependency */ = {
			isa = PBXTargetDependency;
			target = 0D3257E12CE392CC00FA942B /* stresswatch Watch App */;
			targetProxy = 0D3257F52CE392D300FA942B /* PBXContainerItemProxy */;
		};
		0D3258002CE392D300FA942B /* PBXTargetDependency */ = {
			isa = PBXTargetDependency;
			target = 0D3257E12CE392CC00FA942B /* stresswatch Watch App */;
			targetProxy = 0D3257FF2CE392D300FA942B /* PBXContainerItemProxy */;
		};
/* End PBXTargetDependency section */

/* Begin XCBuildConfiguration section */
		0D3257D02CE3928E00FA942B /* Debug */ = {
			isa = XCBuildConfiguration;
			buildSettings = {
				ALWAYS_SEARCH_USER_PATHS = NO;
				ASSETCATALOG_COMPILER_GENERATE_SWIFT_ASSET_SYMBOL_EXTENSIONS = YES;
				CLANG_ANALYZER_NONNULL = YES;
				CLANG_ANALYZER_NUMBER_OBJECT_CONVERSION = YES_AGGRESSIVE;
				CLANG_CXX_LANGUAGE_STANDARD = "gnu++20";
				CLANG_ENABLE_MODULES = YES;
				CLANG_ENABLE_OBJC_ARC = YES;
				CLANG_ENABLE_OBJC_WEAK = YES;
				CLANG_WARN_BLOCK_CAPTURE_AUTORELEASING = YES;
				CLANG_WARN_BOOL_CONVERSION = YES;
				CLANG_WARN_COMMA = YES;
				CLANG_WARN_CONSTANT_CONVERSION = YES;
				CLANG_WARN_DEPRECATED_OBJC_IMPLEMENTATIONS = YES;
				CLANG_WARN_DIRECT_OBJC_ISA_USAGE = YES_ERROR;
				CLANG_WARN_DOCUMENTATION_COMMENTS = YES;
				CLANG_WARN_EMPTY_BODY = YES;
				CLANG_WARN_ENUM_CONVERSION = YES;
				CLANG_WARN_INFINITE_RECURSION = YES;
				CLANG_WARN_INT_CONVERSION = YES;
				CLANG_WARN_NON_LITERAL_NULL_CONVERSION = YES;
				CLANG_WARN_OBJC_IMPLICIT_RETAIN_SELF = YES;
				CLANG_WARN_OBJC_LITERAL_CONVERSION = YES;
				CLANG_WARN_OBJC_ROOT_CLASS = YES_ERROR;
				CLANG_WARN_QUOTED_INCLUDE_IN_FRAMEWORK_HEADER = YES;
				CLANG_WARN_RANGE_LOOP_ANALYSIS = YES;
				CLANG_WARN_STRICT_PROTOTYPES = YES;
				CLANG_WARN_SUSPICIOUS_MOVE = YES;
				CLANG_WARN_UNGUARDED_AVAILABILITY = YES_AGGRESSIVE;
				CLANG_WARN_UNREACHABLE_CODE = YES;
				CLANG_WARN__DUPLICATE_METHOD_MATCH = YES;
				COPY_PHASE_STRIP = NO;
				DEBUG_INFORMATION_FORMAT = dwarf;
				ENABLE_STRICT_OBJC_MSGSEND = YES;
				ENABLE_TESTABILITY = YES;
				ENABLE_USER_SCRIPT_SANDBOXING = YES;
				GCC_C_LANGUAGE_STANDARD = gnu17;
				GCC_DYNAMIC_NO_PIC = NO;
				GCC_NO_COMMON_BLOCKS = YES;
				GCC_OPTIMIZATION_LEVEL = 0;
				GCC_PREPROCESSOR_DEFINITIONS = (
					"DEBUG=1",
					"$(inherited)",
				);
				GCC_WARN_64_TO_32_BIT_CONVERSION = YES;
				GCC_WARN_ABOUT_RETURN_TYPE = YES_ERROR;
				GCC_WARN_UNDECLARED_SELECTOR = YES;
				GCC_WARN_UNINITIALIZED_AUTOS = YES_AGGRESSIVE;
				GCC_WARN_UNUSED_FUNCTION = YES;
				GCC_WARN_UNUSED_VARIABLE = YES;
				IPHONEOS_DEPLOYMENT_TARGET = 18.1;
				LOCALIZATION_PREFERS_STRING_CATALOGS = YES;
				MTL_ENABLE_DEBUG_INFO = INCLUDE_SOURCE;
				MTL_FAST_MATH = YES;
				ONLY_ACTIVE_ARCH = YES;
				SDKROOT = iphoneos;
				SWIFT_ACTIVE_COMPILATION_CONDITIONS = "DEBUG $(inherited)";
				SWIFT_OPTIMIZATION_LEVEL = "-Onone";
			};
			name = Debug;
		};
		0D3257D12CE3928E00FA942B /* Release */ = {
			isa = XCBuildConfiguration;
			buildSettings = {
				ALWAYS_SEARCH_USER_PATHS = NO;
				ASSETCATALOG_COMPILER_GENERATE_SWIFT_ASSET_SYMBOL_EXTENSIONS = YES;
				CLANG_ANALYZER_NONNULL = YES;
				CLANG_ANALYZER_NUMBER_OBJECT_CONVERSION = YES_AGGRESSIVE;
				CLANG_CXX_LANGUAGE_STANDARD = "gnu++20";
				CLANG_ENABLE_MODULES = YES;
				CLANG_ENABLE_OBJC_ARC = YES;
				CLANG_ENABLE_OBJC_WEAK = YES;
				CLANG_WARN_BLOCK_CAPTURE_AUTORELEASING = YES;
				CLANG_WARN_BOOL_CONVERSION = YES;
				CLANG_WARN_COMMA = YES;
				CLANG_WARN_CONSTANT_CONVERSION = YES;
				CLANG_WARN_DEPRECATED_OBJC_IMPLEMENTATIONS = YES;
				CLANG_WARN_DIRECT_OBJC_ISA_USAGE = YES_ERROR;
				CLANG_WARN_DOCUMENTATION_COMMENTS = YES;
				CLANG_WARN_EMPTY_BODY = YES;
				CLANG_WARN_ENUM_CONVERSION = YES;
				CLANG_WARN_INFINITE_RECURSION = YES;
				CLANG_WARN_INT_CONVERSION = YES;
				CLANG_WARN_NON_LITERAL_NULL_CONVERSION = YES;
				CLANG_WARN_OBJC_IMPLICIT_RETAIN_SELF = YES;
				CLANG_WARN_OBJC_LITERAL_CONVERSION = YES;
				CLANG_WARN_OBJC_ROOT_CLASS = YES_ERROR;
				CLANG_WARN_QUOTED_INCLUDE_IN_FRAMEWORK_HEADER = YES;
				CLANG_WARN_RANGE_LOOP_ANALYSIS = YES;
				CLANG_WARN_STRICT_PROTOTYPES = YES;
				CLANG_WARN_SUSPICIOUS_MOVE = YES;
				CLANG_WARN_UNGUARDED_AVAILABILITY = YES_AGGRESSIVE;
				CLANG_WARN_UNREACHABLE_CODE = YES;
				CLANG_WARN__DUPLICATE_METHOD_MATCH = YES;
				COPY_PHASE_STRIP = NO;
				DEBUG_INFORMATION_FORMAT = "dwarf-with-dsym";
				ENABLE_NS_ASSERTIONS = NO;
				ENABLE_STRICT_OBJC_MSGSEND = YES;
				ENABLE_USER_SCRIPT_SANDBOXING = YES;
				GCC_C_LANGUAGE_STANDARD = gnu17;
				GCC_NO_COMMON_BLOCKS = YES;
				GCC_WARN_64_TO_32_BIT_CONVERSION = YES;
				GCC_WARN_ABOUT_RETURN_TYPE = YES_ERROR;
				GCC_WARN_UNDECLARED_SELECTOR = YES;
				GCC_WARN_UNINITIALIZED_AUTOS = YES_AGGRESSIVE;
				GCC_WARN_UNUSED_FUNCTION = YES;
				GCC_WARN_UNUSED_VARIABLE = YES;
				IPHONEOS_DEPLOYMENT_TARGET = 18.1;
				LOCALIZATION_PREFERS_STRING_CATALOGS = YES;
				MTL_ENABLE_DEBUG_INFO = NO;
				MTL_FAST_MATH = YES;
				SDKROOT = iphoneos;
				SWIFT_COMPILATION_MODE = wholemodule;
				VALIDATE_PRODUCT = YES;
			};
			name = Release;
		};
		0D3257D32CE3928E00FA942B /* Debug */ = {
			isa = XCBuildConfiguration;
			buildSettings = {
				ASSETCATALOG_COMPILER_APPICON_NAME = AppIcon;
				ASSETCATALOG_COMPILER_GLOBAL_ACCENT_COLOR_NAME = AccentColor;
				CODE_SIGN_STYLE = Automatic;
				CURRENT_PROJECT_VERSION = 1;
				DEVELOPMENT_ASSET_PATHS = "\"stress/Preview Content\"";
				DEVELOPMENT_TEAM = FNFZNA7FU7;
				ENABLE_PREVIEWS = YES;
				GENERATE_INFOPLIST_FILE = YES;
				INFOPLIST_KEY_UIApplicationSceneManifest_Generation = YES;
				INFOPLIST_KEY_UIApplicationSupportsIndirectInputEvents = YES;
				INFOPLIST_KEY_UILaunchScreen_Generation = YES;
				INFOPLIST_KEY_UISupportedInterfaceOrientations_iPad = "UIInterfaceOrientationPortrait UIInterfaceOrientationPortraitUpsideDown UIInterfaceOrientationLandscapeLeft UIInterfaceOrientationLandscapeRight";
				INFOPLIST_KEY_UISupportedInterfaceOrientations_iPhone = "UIInterfaceOrientationPortrait UIInterfaceOrientationLandscapeLeft UIInterfaceOrientationLandscapeRight";
				LD_RUNPATH_SEARCH_PATHS = (
					"$(inherited)",
					"@executable_path/Frameworks",
				);
				MARKETING_VERSION = 1.0;
				PRODUCT_BUNDLE_IDENTIFIER = temp.stress;
				PRODUCT_NAME = "$(TARGET_NAME)";
				SWIFT_EMIT_LOC_STRINGS = YES;
				SWIFT_VERSION = 5.0;
				TARGETED_DEVICE_FAMILY = "1,2";
			};
			name = Debug;
		};
		0D3257D42CE3928E00FA942B /* Release */ = {
			isa = XCBuildConfiguration;
			buildSettings = {
				ASSETCATALOG_COMPILER_APPICON_NAME = AppIcon;
				ASSETCATALOG_COMPILER_GLOBAL_ACCENT_COLOR_NAME = AccentColor;
				CODE_SIGN_STYLE = Automatic;
				CURRENT_PROJECT_VERSION = 1;
				DEVELOPMENT_ASSET_PATHS = "\"stress/Preview Content\"";
				DEVELOPMENT_TEAM = FNFZNA7FU7;
				ENABLE_PREVIEWS = YES;
				GENERATE_INFOPLIST_FILE = YES;
				INFOPLIST_KEY_UIApplicationSceneManifest_Generation = YES;
				INFOPLIST_KEY_UIApplicationSupportsIndirectInputEvents = YES;
				INFOPLIST_KEY_UILaunchScreen_Generation = YES;
				INFOPLIST_KEY_UISupportedInterfaceOrientations_iPad = "UIInterfaceOrientationPortrait UIInterfaceOrientationPortraitUpsideDown UIInterfaceOrientationLandscapeLeft UIInterfaceOrientationLandscapeRight";
				INFOPLIST_KEY_UISupportedInterfaceOrientations_iPhone = "UIInterfaceOrientationPortrait UIInterfaceOrientationLandscapeLeft UIInterfaceOrientationLandscapeRight";
				LD_RUNPATH_SEARCH_PATHS = (
					"$(inherited)",
					"@executable_path/Frameworks",
				);
				MARKETING_VERSION = 1.0;
				PRODUCT_BUNDLE_IDENTIFIER = temp.stress;
				PRODUCT_NAME = "$(TARGET_NAME)";
				SWIFT_EMIT_LOC_STRINGS = YES;
				SWIFT_VERSION = 5.0;
				TARGETED_DEVICE_FAMILY = "1,2";
			};
			name = Release;
		};
		0D3257D62CE3928E00FA942B /* Debug */ = {
			isa = XCBuildConfiguration;
			buildSettings = {
				BUNDLE_LOADER = "$(TEST_HOST)";
				CODE_SIGN_STYLE = Automatic;
				CURRENT_PROJECT_VERSION = 1;
				DEVELOPMENT_TEAM = FNFZNA7FU7;
				GENERATE_INFOPLIST_FILE = YES;
				IPHONEOS_DEPLOYMENT_TARGET = 18.1;
				MARKETING_VERSION = 1.0;
				PRODUCT_BUNDLE_IDENTIFIER = temp.stressTests;
				PRODUCT_NAME = "$(TARGET_NAME)";
				SWIFT_EMIT_LOC_STRINGS = NO;
				SWIFT_VERSION = 5.0;
				TARGETED_DEVICE_FAMILY = "1,2";
				TEST_HOST = "$(BUILT_PRODUCTS_DIR)/stress.app/$(BUNDLE_EXECUTABLE_FOLDER_PATH)/stress";
			};
			name = Debug;
		};
		0D3257D72CE3928E00FA942B /* Release */ = {
			isa = XCBuildConfiguration;
			buildSettings = {
				BUNDLE_LOADER = "$(TEST_HOST)";
				CODE_SIGN_STYLE = Automatic;
				CURRENT_PROJECT_VERSION = 1;
				DEVELOPMENT_TEAM = FNFZNA7FU7;
				GENERATE_INFOPLIST_FILE = YES;
				IPHONEOS_DEPLOYMENT_TARGET = 18.1;
				MARKETING_VERSION = 1.0;
				PRODUCT_BUNDLE_IDENTIFIER = temp.stressTests;
				PRODUCT_NAME = "$(TARGET_NAME)";
				SWIFT_EMIT_LOC_STRINGS = NO;
				SWIFT_VERSION = 5.0;
				TARGETED_DEVICE_FAMILY = "1,2";
				TEST_HOST = "$(BUILT_PRODUCTS_DIR)/stress.app/$(BUNDLE_EXECUTABLE_FOLDER_PATH)/stress";
			};
			name = Release;
		};
		0D3257D92CE3928E00FA942B /* Debug */ = {
			isa = XCBuildConfiguration;
			buildSettings = {
				CODE_SIGN_STYLE = Automatic;
				CURRENT_PROJECT_VERSION = 1;
				DEVELOPMENT_TEAM = FNFZNA7FU7;
				GENERATE_INFOPLIST_FILE = YES;
				MARKETING_VERSION = 1.0;
				PRODUCT_BUNDLE_IDENTIFIER = temp.stressUITests;
				PRODUCT_NAME = "$(TARGET_NAME)";
				SWIFT_EMIT_LOC_STRINGS = NO;
				SWIFT_VERSION = 5.0;
				TARGETED_DEVICE_FAMILY = "1,2";
				TEST_TARGET_NAME = stress;
			};
			name = Debug;
		};
		0D3257DA2CE3928E00FA942B /* Release */ = {
			isa = XCBuildConfiguration;
			buildSettings = {
				CODE_SIGN_STYLE = Automatic;
				CURRENT_PROJECT_VERSION = 1;
				DEVELOPMENT_TEAM = FNFZNA7FU7;
				GENERATE_INFOPLIST_FILE = YES;
				MARKETING_VERSION = 1.0;
				PRODUCT_BUNDLE_IDENTIFIER = temp.stressUITests;
				PRODUCT_NAME = "$(TARGET_NAME)";
				SWIFT_EMIT_LOC_STRINGS = NO;
				SWIFT_VERSION = 5.0;
				TARGETED_DEVICE_FAMILY = "1,2";
				TEST_TARGET_NAME = stress;
			};
			name = Release;
		};
		0D3258072CE392D300FA942B /* Debug */ = {
			isa = XCBuildConfiguration;
			buildSettings = {
				ASSETCATALOG_COMPILER_APPICON_NAME = AppIcon;
				ASSETCATALOG_COMPILER_GLOBAL_ACCENT_COLOR_NAME = AccentColor;
				CODE_SIGN_STYLE = Automatic;
				CURRENT_PROJECT_VERSION = 1;
				DEVELOPMENT_ASSET_PATHS = "\"stresswatch Watch App/Preview Content\"";
				DEVELOPMENT_TEAM = FNFZNA7FU7;
				ENABLE_PREVIEWS = YES;
				GENERATE_INFOPLIST_FILE = YES;
				INFOPLIST_KEY_CFBundleDisplayName = stresswatch;
				INFOPLIST_KEY_UISupportedInterfaceOrientations = "UIInterfaceOrientationPortrait UIInterfaceOrientationPortraitUpsideDown";
				INFOPLIST_KEY_WKWatchOnly = YES;
				LD_RUNPATH_SEARCH_PATHS = (
					"$(inherited)",
					"@executable_path/Frameworks",
				);
				MARKETING_VERSION = 1.0;
				PRODUCT_BUNDLE_IDENTIFIER = temp.stresswatch.watchkitapp;
				PRODUCT_NAME = "$(TARGET_NAME)";
				SDKROOT = watchos;
				SKIP_INSTALL = YES;
				SWIFT_EMIT_LOC_STRINGS = YES;
				SWIFT_VERSION = 5.0;
				TARGETED_DEVICE_FAMILY = 4;
				WATCHOS_DEPLOYMENT_TARGET = 11.1;
			};
			name = Debug;
		};
		0D3258082CE392D300FA942B /* Release */ = {
			isa = XCBuildConfiguration;
			buildSettings = {
				ASSETCATALOG_COMPILER_APPICON_NAME = AppIcon;
				ASSETCATALOG_COMPILER_GLOBAL_ACCENT_COLOR_NAME = AccentColor;
				CODE_SIGN_STYLE = Automatic;
				CURRENT_PROJECT_VERSION = 1;
				DEVELOPMENT_ASSET_PATHS = "\"stresswatch Watch App/Preview Content\"";
				DEVELOPMENT_TEAM = FNFZNA7FU7;
				ENABLE_PREVIEWS = YES;
				GENERATE_INFOPLIST_FILE = YES;
				INFOPLIST_KEY_CFBundleDisplayName = stresswatch;
				INFOPLIST_KEY_UISupportedInterfaceOrientations = "UIInterfaceOrientationPortrait UIInterfaceOrientationPortraitUpsideDown";
				INFOPLIST_KEY_WKWatchOnly = YES;
				LD_RUNPATH_SEARCH_PATHS = (
					"$(inherited)",
					"@executable_path/Frameworks",
				);
				MARKETING_VERSION = 1.0;
				PRODUCT_BUNDLE_IDENTIFIER = temp.stresswatch.watchkitapp;
				PRODUCT_NAME = "$(TARGET_NAME)";
				SDKROOT = watchos;
				SKIP_INSTALL = YES;
				SWIFT_EMIT_LOC_STRINGS = YES;
				SWIFT_VERSION = 5.0;
				TARGETED_DEVICE_FAMILY = 4;
				WATCHOS_DEPLOYMENT_TARGET = 11.1;
			};
			name = Release;
		};
		0D32580B2CE392D300FA942B /* Debug */ = {
			isa = XCBuildConfiguration;
			buildSettings = {
				CODE_SIGN_STYLE = Automatic;
				CURRENT_PROJECT_VERSION = 1;
				DEVELOPMENT_TEAM = FNFZNA7FU7;
				INFOPLIST_KEY_CFBundleDisplayName = stresswatch;
				MARKETING_VERSION = 1.0;
				PRODUCT_BUNDLE_IDENTIFIER = temp.stresswatch;
				PRODUCT_NAME = "$(TARGET_NAME)";
				SWIFT_VERSION = 5.0;
			};
			name = Debug;
		};
		0D32580C2CE392D300FA942B /* Release */ = {
			isa = XCBuildConfiguration;
			buildSettings = {
				CODE_SIGN_STYLE = Automatic;
				CURRENT_PROJECT_VERSION = 1;
				DEVELOPMENT_TEAM = FNFZNA7FU7;
				INFOPLIST_KEY_CFBundleDisplayName = stresswatch;
				MARKETING_VERSION = 1.0;
				PRODUCT_BUNDLE_IDENTIFIER = temp.stresswatch;
				PRODUCT_NAME = "$(TARGET_NAME)";
				SWIFT_VERSION = 5.0;
			};
			name = Release;
		};
		0D32580E2CE392D300FA942B /* Debug */ = {
			isa = XCBuildConfiguration;
			buildSettings = {
				BUNDLE_LOADER = "$(TEST_HOST)";
				CODE_SIGN_STYLE = Automatic;
				CURRENT_PROJECT_VERSION = 1;
				DEVELOPMENT_TEAM = FNFZNA7FU7;
				GENERATE_INFOPLIST_FILE = YES;
				MARKETING_VERSION = 1.0;
				PRODUCT_BUNDLE_IDENTIFIER = "temp.stresswatch-Watch-AppTests";
				PRODUCT_NAME = "$(TARGET_NAME)";
				SDKROOT = watchos;
				SWIFT_EMIT_LOC_STRINGS = NO;
				SWIFT_VERSION = 5.0;
				TARGETED_DEVICE_FAMILY = 4;
				TEST_HOST = "$(BUILT_PRODUCTS_DIR)/stresswatch Watch App.app/$(BUNDLE_EXECUTABLE_FOLDER_PATH)/stresswatch Watch App";
				WATCHOS_DEPLOYMENT_TARGET = 11.1;
			};
			name = Debug;
		};
		0D32580F2CE392D300FA942B /* Release */ = {
			isa = XCBuildConfiguration;
			buildSettings = {
				BUNDLE_LOADER = "$(TEST_HOST)";
				CODE_SIGN_STYLE = Automatic;
				CURRENT_PROJECT_VERSION = 1;
				DEVELOPMENT_TEAM = FNFZNA7FU7;
				GENERATE_INFOPLIST_FILE = YES;
				MARKETING_VERSION = 1.0;
				PRODUCT_BUNDLE_IDENTIFIER = "temp.stresswatch-Watch-AppTests";
				PRODUCT_NAME = "$(TARGET_NAME)";
				SDKROOT = watchos;
				SWIFT_EMIT_LOC_STRINGS = NO;
				SWIFT_VERSION = 5.0;
				TARGETED_DEVICE_FAMILY = 4;
				TEST_HOST = "$(BUILT_PRODUCTS_DIR)/stresswatch Watch App.app/$(BUNDLE_EXECUTABLE_FOLDER_PATH)/stresswatch Watch App";
				WATCHOS_DEPLOYMENT_TARGET = 11.1;
			};
			name = Release;
		};
		0D3258112CE392D300FA942B /* Debug */ = {
			isa = XCBuildConfiguration;
			buildSettings = {
				CODE_SIGN_STYLE = Automatic;
				CURRENT_PROJECT_VERSION = 1;
				DEVELOPMENT_TEAM = FNFZNA7FU7;
				GENERATE_INFOPLIST_FILE = YES;
				MARKETING_VERSION = 1.0;
				PRODUCT_BUNDLE_IDENTIFIER = "temp.stresswatch-Watch-AppUITests";
				PRODUCT_NAME = "$(TARGET_NAME)";
				SDKROOT = watchos;
				SWIFT_EMIT_LOC_STRINGS = NO;
				SWIFT_VERSION = 5.0;
				TARGETED_DEVICE_FAMILY = 4;
				TEST_TARGET_NAME = "stresswatch Watch App";
				WATCHOS_DEPLOYMENT_TARGET = 11.1;
			};
			name = Debug;
		};
		0D3258122CE392D300FA942B /* Release */ = {
			isa = XCBuildConfiguration;
			buildSettings = {
				CODE_SIGN_STYLE = Automatic;
				CURRENT_PROJECT_VERSION = 1;
				DEVELOPMENT_TEAM = FNFZNA7FU7;
				GENERATE_INFOPLIST_FILE = YES;
				MARKETING_VERSION = 1.0;
				PRODUCT_BUNDLE_IDENTIFIER = "temp.stresswatch-Watch-AppUITests";
				PRODUCT_NAME = "$(TARGET_NAME)";
				SDKROOT = watchos;
				SWIFT_EMIT_LOC_STRINGS = NO;
				SWIFT_VERSION = 5.0;
				TARGETED_DEVICE_FAMILY = 4;
				TEST_TARGET_NAME = "stresswatch Watch App";
				WATCHOS_DEPLOYMENT_TARGET = 11.1;
			};
			name = Release;
		};
/* End XCBuildConfiguration section */

/* Begin XCConfigurationList section */
		0D3257A72CE3928B00FA942B /* Build configuration list for PBXProject "stress" */ = {
			isa = XCConfigurationList;
			buildConfigurations = (
				0D3257D02CE3928E00FA942B /* Debug */,
				0D3257D12CE3928E00FA942B /* Release */,
			);
			defaultConfigurationIsVisible = 0;
			defaultConfigurationName = Release;
		};
		0D3257D22CE3928E00FA942B /* Build configuration list for PBXNativeTarget "stress" */ = {
			isa = XCConfigurationList;
			buildConfigurations = (
				0D3257D32CE3928E00FA942B /* Debug */,
				0D3257D42CE3928E00FA942B /* Release */,
			);
			defaultConfigurationIsVisible = 0;
			defaultConfigurationName = Release;
		};
		0D3257D52CE3928E00FA942B /* Build configuration list for PBXNativeTarget "stressTests" */ = {
			isa = XCConfigurationList;
			buildConfigurations = (
				0D3257D62CE3928E00FA942B /* Debug */,
				0D3257D72CE3928E00FA942B /* Release */,
			);
			defaultConfigurationIsVisible = 0;
			defaultConfigurationName = Release;
		};
		0D3257D82CE3928E00FA942B /* Build configuration list for PBXNativeTarget "stressUITests" */ = {
			isa = XCConfigurationList;
			buildConfigurations = (
				0D3257D92CE3928E00FA942B /* Debug */,
				0D3257DA2CE3928E00FA942B /* Release */,
			);
			defaultConfigurationIsVisible = 0;
			defaultConfigurationName = Release;
		};
		0D3258062CE392D300FA942B /* Build configuration list for PBXNativeTarget "stresswatch Watch App" */ = {
			isa = XCConfigurationList;
			buildConfigurations = (
				0D3258072CE392D300FA942B /* Debug */,
				0D3258082CE392D300FA942B /* Release */,
			);
			defaultConfigurationIsVisible = 0;
			defaultConfigurationName = Release;
		};
		0D32580A2CE392D300FA942B /* Build configuration list for PBXNativeTarget "stresswatch" */ = {
			isa = XCConfigurationList;
			buildConfigurations = (
				0D32580B2CE392D300FA942B /* Debug */,
				0D32580C2CE392D300FA942B /* Release */,
			);
			defaultConfigurationIsVisible = 0;
			defaultConfigurationName = Release;
		};
		0D32580D2CE392D300FA942B /* Build configuration list for PBXNativeTarget "stresswatch Watch AppTests" */ = {
			isa = XCConfigurationList;
			buildConfigurations = (
				0D32580E2CE392D300FA942B /* Debug */,
				0D32580F2CE392D300FA942B /* Release */,
			);
			defaultConfigurationIsVisible = 0;
			defaultConfigurationName = Release;
		};
		0D3258102CE392D300FA942B /* Build configuration list for PBXNativeTarget "stresswatch Watch AppUITests" */ = {
			isa = XCConfigurationList;
			buildConfigurations = (
				0D3258112CE392D300FA942B /* Debug */,
				0D3258122CE392D300FA942B /* Release */,
			);
			defaultConfigurationIsVisible = 0;
			defaultConfigurationName = Release;
		};
/* End XCConfigurationList section */
	};
	rootObject = 0D3257A42CE3928B00FA942B /* Project object */;
}
